
Microsoft Visual Studio Solution File, Format Version 12.00
# Visual Studio Version 17
VisualStudioVersion = 17.3.32811.315
MinimumVisualStudioVersion = 10.0.40219.1
Project("{9A19103F-16F7-4668-BE54-9A1E7A4F7556}") = "toDoList", "toDoList\toDoList.csproj", "{75A1F7B5-D67C-47FB-AD21-A921CE7D4D7C}"
EndProject
Global
	GlobalSection(SolutionConfigurationPlatforms) = preSolution
		Debug|Any CPU = Debug|Any CPU
		Release|Any CPU = Release|Any CPU
	EndGlobalSection
	GlobalSection(ProjectConfigurationPlatforms) = postSolution
		{75A1F7B5-D67C-47FB-AD21-A921CE7D4D7C}.Debug|Any CPU.ActiveCfg = Debug|Any CPU
		{75A1F7B5-D67C-47FB-AD21-A921CE7D4D7C}.Debug|Any CPU.Build.0 = Debug|Any CPU
		{75A1F7B5-D67C-47FB-AD21-A921CE7D4D7C}.Release|Any CPU.ActiveCfg = Release|Any CPU
		{75A1F7B5-D67C-47FB-AD21-A921CE7D4D7C}.Release|Any CPU.Build.0 = Release|Any CPU
	EndGlobalSection
	GlobalSection(SolutionProperties) = preSolution
		HideSolutionNode = FALSE
	EndGlobalSection
	GlobalSection(ExtensibilityGlobals) = postSolution
		SolutionGuid = {C0884CFF-ED24-427C-93B1-DAAA100EA5EB}
	EndGlobalSection
EndGlobal
